{
  "name": "publishNpm",
  "lockfileVersion": 2,
  "requires": true,
  "packages": {
    "": {
      "dependencies": {
        "ymtestdemo": "^1.0.1"
      }
    },
    "node_modules/ymtestdemo": {
      "version": "1.0.1",
      "resolved": "https://registry.npmjs.org/ymtestdemo/-/ymtestdemo-1.0.1.tgz",
      "integrity": "sha512-Gt+GGDjORh4vaq9nDgdYvgs50hbueMRFMZGnxkU/xtRXogjmIh+OYf66I/OsNwxxI5spp5S4avuoEulaFL72Jw=="
    }
  },
  "dependencies": {
    "ymtestdemo": {
      "version": "1.0.1",
      "resolved": "https://registry.npmjs.org/ymtestdemo/-/ymtestdemo-1.0.1.tgz",
      "integrity": "sha512-Gt+GGDjORh4vaq9nDgdYvgs50hbueMRFMZGnxkU/xtRXogjmIh+OYf66I/OsNwxxI5spp5S4avuoEulaFL72Jw=="
    }
  }
}
