# THIS IS AN AUTOGENERATED FILE. DO NOT EDIT THIS FILE DIRECTLY.
# yarn lockfile v1


hy-event-store@^1.2.1:
  version "1.2.1"
  resolved "https://registry.npmmirror.com/hy-event-store/-/hy-event-store-1.2.1.tgz#542c4f30107a7c986485545d32098d1339fb1a62"
  integrity sha512-viMS7Zj1VmFgkAENrJr0lMV29FWzaSgLg1gTcZ+WJXuPO+SOhehWqALoJIDGms02qG+tO+++VsPkgD0rXlAikA==
